// !$*UTF8*$!
{
	archiveVersion = 1;
	classes = {
	};
	objectVersion = 46;
	objects = {

/* Begin PBXBuildFile section */
		51216F03198CD25800490A0C /* GoalNode.m in Sources */ = {isa = PBXBuildFile; fileRef = 51216F02198CD25800490A0C /* GoalNode.m */; };
		51216F06198CD26100490A0C /* PainNode.m in Sources */ = {isa = PBXBuildFile; fileRef = 51216F05198CD26100490A0C /* PainNode.m */; };
		51216F09198E1D6E00490A0C /* WallNode.m in Sources */ = {isa = PBXBuildFile; fileRef = 51216F08198E1D6E00490A0C /* WallNode.m */; };
		51216F0B198E231500490A0C /* Level-1.sks in Resources */ = {isa = PBXBuildFile; fileRef = 51216F0A198E231500490A0C /* Level-1.sks */; };
		51590F4F198F4FA400D17825 /* Main_iPad.storyboard in Resources */ = {isa = PBXBuildFile; fileRef = 51590F4D198F4FA400D17825 /* Main_iPad.storyboard */; };
		51590F50198F4FA400D17825 /* Main_iPhone.storyboard in Resources */ = {isa = PBXBuildFile; fileRef = 51590F4E198F4FA400D17825 /* Main_iPhone.storyboard */; };
		51A43139198B7084007E67C3 /* Foundation.framework in Frameworks */ = {isa = PBXBuildFile; fileRef = 51A43138198B7084007E67C3 /* Foundation.framework */; };
		51A4313B198B7084007E67C3 /* CoreGraphics.framework in Frameworks */ = {isa = PBXBuildFile; fileRef = 51A4313A198B7084007E67C3 /* CoreGraphics.framework */; };
		51A4313D198B7084007E67C3 /* UIKit.framework in Frameworks */ = {isa = PBXBuildFile; fileRef = 51A4313C198B7084007E67C3 /* UIKit.framework */; };
		51A4313F198B7084007E67C3 /* SpriteKit.framework in Frameworks */ = {isa = PBXBuildFile; fileRef = 51A4313E198B7084007E67C3 /* SpriteKit.framework */; };
		51A43145198B7084007E67C3 /* InfoPlist.strings in Resources */ = {isa = PBXBuildFile; fileRef = 51A43143198B7084007E67C3 /* InfoPlist.strings */; };
		51A43147198B7084007E67C3 /* main.m in Sources */ = {isa = PBXBuildFile; fileRef = 51A43146198B7084007E67C3 /* main.m */; };
		51A4314B198B7084007E67C3 /* AppDelegate.m in Sources */ = {isa = PBXBuildFile; fileRef = 51A4314A198B7084007E67C3 /* AppDelegate.m */; };
		51A43154198B7084007E67C3 /* ViewController.m in Sources */ = {isa = PBXBuildFile; fileRef = 51A43153198B7084007E67C3 /* ViewController.m */; };
		51A43157198B7084007E67C3 /* LevelScene.m in Sources */ = {isa = PBXBuildFile; fileRef = 51A43156198B7084007E67C3 /* LevelScene.m */; };
		51A4315B198B7084007E67C3 /* Images.xcassets in Resources */ = {isa = PBXBuildFile; fileRef = 51A4315A198B7084007E67C3 /* Images.xcassets */; };
		51A43162198B7084007E67C3 /* XCTest.framework in Frameworks */ = {isa = PBXBuildFile; fileRef = 51A43161198B7084007E67C3 /* XCTest.framework */; };
		51A43163198B7084007E67C3 /* Foundation.framework in Frameworks */ = {isa = PBXBuildFile; fileRef = 51A43138198B7084007E67C3 /* Foundation.framework */; };
		51A43164198B7084007E67C3 /* UIKit.framework in Frameworks */ = {isa = PBXBuildFile; fileRef = 51A4313C198B7084007E67C3 /* UIKit.framework */; };
		51A4316C198B7085007E67C3 /* InfoPlist.strings in Resources */ = {isa = PBXBuildFile; fileRef = 51A4316A198B7085007E67C3 /* InfoPlist.strings */; };
		51A4316E198B7085007E67C3 /* SuctionTests.m in Sources */ = {isa = PBXBuildFile; fileRef = 51A4316D198B7085007E67C3 /* SuctionTests.m */; };
		51A43179198B7389007E67C3 /* SuctionNode.m in Sources */ = {isa = PBXBuildFile; fileRef = 51A43178198B7389007E67C3 /* SuctionNode.m */; };
		51A9F730198E62B6003CE440 /* GoalParticle.sks in Resources */ = {isa = PBXBuildFile; fileRef = 51A9F72E198E62B6003CE440 /* GoalParticle.sks */; };
		51A9F731198E62B6003CE440 /* bokeh.png in Resources */ = {isa = PBXBuildFile; fileRef = 51A9F72F198E62B6003CE440 /* bokeh.png */; };
		51A9F735198E6339003CE440 /* SKNode+ArchiveHelpers.m in Sources */ = {isa = PBXBuildFile; fileRef = 51A9F734198E6339003CE440 /* SKNode+ArchiveHelpers.m */; };
		51A9F738198E66DA003CE440 /* MagicParticle.sks in Resources */ = {isa = PBXBuildFile; fileRef = 51A9F736198E66DA003CE440 /* MagicParticle.sks */; };
		51A9F739198E66DA003CE440 /* spark.png in Resources */ = {isa = PBXBuildFile; fileRef = 51A9F737198E66DA003CE440 /* spark.png */; };
		51A9F73B198E6747003CE440 /* FirefliesParticle.sks in Resources */ = {isa = PBXBuildFile; fileRef = 51A9F73A198E6747003CE440 /* FirefliesParticle.sks */; };
		51A9F73D198E6757003CE440 /* SparkParticle.sks in Resources */ = {isa = PBXBuildFile; fileRef = 51A9F73C198E6757003CE440 /* SparkParticle.sks */; };
		51A9F73F198E67CA003CE440 /* Level-3.sks in Resources */ = {isa = PBXBuildFile; fileRef = 51A9F73E198E67CA003CE440 /* Level-3.sks */; };
		51A9F741198E6865003CE440 /* Level-4.sks in Resources */ = {isa = PBXBuildFile; fileRef = 51A9F740198E6865003CE440 /* Level-4.sks */; };
		51A9F749198F31C0003CE440 /* Kamcord.framework in Frameworks */ = {isa = PBXBuildFile; fileRef = 51A9F743198F31C0003CE440 /* Kamcord.framework */; };
		51A9F74A198F31C0003CE440 /* Kamcord.bundle in Resources */ = {isa = PBXBuildFile; fileRef = 51A9F745198F31C0003CE440 /* Kamcord.bundle */; };
		51A9F74B198F31C0003CE440 /* KamcordiPad.storyboardc in Resources */ = {isa = PBXBuildFile; fileRef = 51A9F746198F31C0003CE440 /* KamcordiPad.storyboardc */; };
		51A9F74C198F31C0003CE440 /* KamcordiPhone.storyboardc in Resources */ = {isa = PBXBuildFile; fileRef = 51A9F747198F31C0003CE440 /* KamcordiPhone.storyboardc */; };
		51A9F74D198F31C0003CE440 /* KC_GTMOAuth2ViewTouch.nib in Resources */ = {isa = PBXBuildFile; fileRef = 51A9F748198F31C0003CE440 /* KC_GTMOAuth2ViewTouch.nib */; };
		51A9F74F198F3240003CE440 /* AudioToolbox.framework in Frameworks */ = {isa = PBXBuildFile; fileRef = 51A9F74E198F3240003CE440 /* AudioToolbox.framework */; };
		51A9F751198F3245003CE440 /* AVFoundation.framework in Frameworks */ = {isa = PBXBuildFile; fileRef = 51A9F750198F3245003CE440 /* AVFoundation.framework */; };
		51A9F754198F3251003CE440 /* CoreMedia.framework in Frameworks */ = {isa = PBXBuildFile; fileRef = 51A9F752198F3251003CE440 /* CoreMedia.framework */; };
		51A9F755198F3251003CE440 /* CoreText.framework in Frameworks */ = {isa = PBXBuildFile; fileRef = 51A9F753198F3251003CE440 /* CoreText.framework */; };
		51A9F757198F325B003CE440 /* CoreVideo.framework in Frameworks */ = {isa = PBXBuildFile; fileRef = 51A9F756198F325B003CE440 /* CoreVideo.framework */; };
		51A9F759198F3261003CE440 /* MediaPlayer.framework in Frameworks */ = {isa = PBXBuildFile; fileRef = 51A9F758198F3261003CE440 /* MediaPlayer.framework */; };
		51A9F75B198F326A003CE440 /* MessageUI.framework in Frameworks */ = {isa = PBXBuildFile; fileRef = 51A9F75A198F326A003CE440 /* MessageUI.framework */; };
		51A9F75D198F3270003CE440 /* OpenGLES.framework in Frameworks */ = {isa = PBXBuildFile; fileRef = 51A9F75C198F3270003CE440 /* OpenGLES.framework */; };
		51A9F75F198F3279003CE440 /* QuartzCore.framework in Frameworks */ = {isa = PBXBuildFile; fileRef = 51A9F75E198F3279003CE440 /* QuartzCore.framework */; };
		51A9F761198F327F003CE440 /* Security.framework in Frameworks */ = {isa = PBXBuildFile; fileRef = 51A9F760198F327F003CE440 /* Security.framework */; };
		51A9F763198F328A003CE440 /* SystemConfiguration.framework in Frameworks */ = {isa = PBXBuildFile; fileRef = 51A9F762198F328A003CE440 /* SystemConfiguration.framework */; };
		51A9F765198F329C003CE440 /* CoreImage.framework in Frameworks */ = {isa = PBXBuildFile; fileRef = 51A9F764198F329C003CE440 /* CoreImage.framework */; };
		51A9F767198F32A6003CE440 /* Twitter.framework in Frameworks */ = {isa = PBXBuildFile; fileRef = 51A9F766198F32A6003CE440 /* Twitter.framework */; };
		51A9F769198F32AD003CE440 /* Social.framework in Frameworks */ = {isa = PBXBuildFile; fileRef = 51A9F768198F32AD003CE440 /* Social.framework */; };
		51A9F76B198F32B3003CE440 /* Accounts.framework in Frameworks */ = {isa = PBXBuildFile; fileRef = 51A9F76A198F32B3003CE440 /* Accounts.framework */; };
		51A9F7A9198F3931003CE440 /* AdSupport.framework in Frameworks */ = {isa = PBXBuildFile; fileRef = 51A9F7A7198F381B003CE440 /* AdSupport.framework */; };
		51ADC9CB198E37CA00217F68 /* MenuScene.m in Sources */ = {isa = PBXBuildFile; fileRef = 51ADC9CA198E37CA00217F68 /* MenuScene.m */; };
		51ADC9CD198E3EE600217F68 /* Level-2.sks in Resources */ = {isa = PBXBuildFile; fileRef = 51ADC9CC198E3EE600217F68 /* Level-2.sks */; };
		51AFF003198F69600098D89C /* FireParticle.sks in Resources */ = {isa = PBXBuildFile; fileRef = 51AFF002198F69600098D89C /* FireParticle.sks */; };
		51AFF005198F71C10098D89C /* wall.png in Resources */ = {isa = PBXBuildFile; fileRef = 51AFF004198F71C10098D89C /* wall.png */; };
		51AFF007198F72470098D89C /* wall@2x.png in Resources */ = {isa = PBXBuildFile; fileRef = 51AFF006198F72470098D89C /* wall@2x.png */; };
		51AFF00A198F76520098D89C /* spiral.fsh in Resources */ = {isa = PBXBuildFile; fileRef = 51AFF009198F76520098D89C /* spiral.fsh */; };
/* End PBXBuildFile section */

/* Begin PBXContainerItemProxy section */
		51A43165198B7084007E67C3 /* PBXContainerItemProxy */ = {
			isa = PBXContainerItemProxy;
			containerPortal = 51A4312D198B7084007E67C3 /* Project object */;
			proxyType = 1;
			remoteGlobalIDString = 51A43134198B7084007E67C3;
			remoteInfo = Suction;
		};
/* End PBXContainerItemProxy section */

/* Begin PBXFileReference section */
		51216F01198CD25800490A0C /* GoalNode.h */ = {isa = PBXFileReference; fileEncoding = 4; lastKnownFileType = sourcecode.c.h; path = GoalNode.h; sourceTree = "<group>"; };
		51216F02198CD25800490A0C /* GoalNode.m */ = {isa = PBXFileReference; fileEncoding = 4; lastKnownFileType = sourcecode.c.objc; path = GoalNode.m; sourceTree = "<group>"; };
		51216F04198CD26100490A0C /* PainNode.h */ = {isa = PBXFileReference; fileEncoding = 4; lastKnownFileType = sourcecode.c.h; path = PainNode.h; sourceTree = "<group>"; };
		51216F05198CD26100490A0C /* PainNode.m */ = {isa = PBXFileReference; fileEncoding = 4; lastKnownFileType = sourcecode.c.objc; path = PainNode.m; sourceTree = "<group>"; };
		51216F07198E1D6E00490A0C /* WallNode.h */ = {isa = PBXFileReference; fileEncoding = 4; lastKnownFileType = sourcecode.c.h; path = WallNode.h; sourceTree = "<group>"; };
		51216F08198E1D6E00490A0C /* WallNode.m */ = {isa = PBXFileReference; fileEncoding = 4; lastKnownFileType = sourcecode.c.objc; path = WallNode.m; sourceTree = "<group>"; };
		51216F0A198E231500490A0C /* Level-1.sks */ = {isa = PBXFileReference; lastKnownFileType = file.sks; path = "Level-1.sks"; sourceTree = "<group>"; };
		51590F4D198F4FA400D17825 /* Main_iPad.storyboard */ = {isa = PBXFileReference; fileEncoding = 4; lastKnownFileType = file.storyboard; path = Main_iPad.storyboard; sourceTree = "<group>"; };
		51590F4E198F4FA400D17825 /* Main_iPhone.storyboard */ = {isa = PBXFileReference; fileEncoding = 4; lastKnownFileType = file.storyboard; path = Main_iPhone.storyboard; sourceTree = "<group>"; };
		51A43135198B7084007E67C3 /* Suction.app */ = {isa = PBXFileReference; explicitFileType = wrapper.application; includeInIndex = 0; path = Suction.app; sourceTree = BUILT_PRODUCTS_DIR; };
		51A43138198B7084007E67C3 /* Foundation.framework */ = {isa = PBXFileReference; lastKnownFileType = wrapper.framework; name = Foundation.framework; path = System/Library/Frameworks/Foundation.framework; sourceTree = SDKROOT; };
		51A4313A198B7084007E67C3 /* CoreGraphics.framework */ = {isa = PBXFileReference; lastKnownFileType = wrapper.framework; name = CoreGraphics.framework; path = System/Library/Frameworks/CoreGraphics.framework; sourceTree = SDKROOT; };
		51A4313C198B7084007E67C3 /* UIKit.framework */ = {isa = PBXFileReference; lastKnownFileType = wrapper.framework; name = UIKit.framework; path = System/Library/Frameworks/UIKit.framework; sourceTree = SDKROOT; };
		51A4313E198B7084007E67C3 /* SpriteKit.framework */ = {isa = PBXFileReference; lastKnownFileType = wrapper.framework; name = SpriteKit.framework; path = System/Library/Frameworks/SpriteKit.framework; sourceTree = SDKROOT; };
		51A43142198B7084007E67C3 /* Suction-Info.plist */ = {isa = PBXFileReference; lastKnownFileType = text.plist.xml; path = "Suction-Info.plist"; sourceTree = "<group>"; };
		51A43144198B7084007E67C3 /* en */ = {isa = PBXFileReference; lastKnownFileType = text.plist.strings; name = en; path = en.lproj/InfoPlist.strings; sourceTree = "<group>"; };
		51A43146198B7084007E67C3 /* main.m */ = {isa = PBXFileReference; lastKnownFileType = sourcecode.c.objc; path = main.m; sourceTree = "<group>"; };
		51A43148198B7084007E67C3 /* Suction-Prefix.pch */ = {isa = PBXFileReference; lastKnownFileType = sourcecode.c.h; path = "Suction-Prefix.pch"; sourceTree = "<group>"; };
		51A43149198B7084007E67C3 /* AppDelegate.h */ = {isa = PBXFileReference; lastKnownFileType = sourcecode.c.h; path = AppDelegate.h; sourceTree = "<group>"; };
		51A4314A198B7084007E67C3 /* AppDelegate.m */ = {isa = PBXFileReference; lastKnownFileType = sourcecode.c.objc; path = AppDelegate.m; sourceTree = "<group>"; };
		51A43152198B7084007E67C3 /* ViewController.h */ = {isa = PBXFileReference; lastKnownFileType = sourcecode.c.h; path = ViewController.h; sourceTree = "<group>"; };
		51A43153198B7084007E67C3 /* ViewController.m */ = {isa = PBXFileReference; lastKnownFileType = sourcecode.c.objc; path = ViewController.m; sourceTree = "<group>"; };
		51A43155198B7084007E67C3 /* LevelScene.h */ = {isa = PBXFileReference; lastKnownFileType = sourcecode.c.h; path = LevelScene.h; sourceTree = "<group>"; };
		51A43156198B7084007E67C3 /* LevelScene.m */ = {isa = PBXFileReference; lastKnownFileType = sourcecode.c.objc; path = LevelScene.m; sourceTree = "<group>"; };
		51A4315A198B7084007E67C3 /* Images.xcassets */ = {isa = PBXFileReference; lastKnownFileType = folder.assetcatalog; path = Images.xcassets; sourceTree = "<group>"; };
		51A43160198B7084007E67C3 /* SuctionTests.xctest */ = {isa = PBXFileReference; explicitFileType = wrapper.cfbundle; includeInIndex = 0; path = SuctionTests.xctest; sourceTree = BUILT_PRODUCTS_DIR; };
		51A43161198B7084007E67C3 /* XCTest.framework */ = {isa = PBXFileReference; lastKnownFileType = wrapper.framework; name = XCTest.framework; path = Library/Frameworks/XCTest.framework; sourceTree = DEVELOPER_DIR; };
		51A43169198B7084007E67C3 /* SuctionTests-Info.plist */ = {isa = PBXFileReference; lastKnownFileType = text.plist.xml; path = "SuctionTests-Info.plist"; sourceTree = "<group>"; };
		51A4316B198B7085007E67C3 /* en */ = {isa = PBXFileReference; lastKnownFileType = text.plist.strings; name = en; path = en.lproj/InfoPlist.strings; sourceTree = "<group>"; };
		51A4316D198B7085007E67C3 /* SuctionTests.m */ = {isa = PBXFileReference; lastKnownFileType = sourcecode.c.objc; path = SuctionTests.m; sourceTree = "<group>"; };
		51A43177198B7389007E67C3 /* SuctionNode.h */ = {isa = PBXFileReference; fileEncoding = 4; lastKnownFileType = sourcecode.c.h; path = SuctionNode.h; sourceTree = "<group>"; };
		51A43178198B7389007E67C3 /* SuctionNode.m */ = {isa = PBXFileReference; fileEncoding = 4; lastKnownFileType = sourcecode.c.objc; path = SuctionNode.m; sourceTree = "<group>"; };
		51A9F72E198E62B6003CE440 /* GoalParticle.sks */ = {isa = PBXFileReference; lastKnownFileType = file.sks; path = GoalParticle.sks; sourceTree = "<group>"; };
		51A9F72F198E62B6003CE440 /* bokeh.png */ = {isa = PBXFileReference; lastKnownFileType = image.png; path = bokeh.png; sourceTree = "<group>"; };
		51A9F733198E6339003CE440 /* SKNode+ArchiveHelpers.h */ = {isa = PBXFileReference; fileEncoding = 4; lastKnownFileType = sourcecode.c.h; path = "SKNode+ArchiveHelpers.h"; sourceTree = "<group>"; };
		51A9F734198E6339003CE440 /* SKNode+ArchiveHelpers.m */ = {isa = PBXFileReference; fileEncoding = 4; lastKnownFileType = sourcecode.c.objc; path = "SKNode+ArchiveHelpers.m"; sourceTree = "<group>"; };
		51A9F736198E66DA003CE440 /* MagicParticle.sks */ = {isa = PBXFileReference; lastKnownFileType = file.sks; path = MagicParticle.sks; sourceTree = "<group>"; };
		51A9F737198E66DA003CE440 /* spark.png */ = {isa = PBXFileReference; lastKnownFileType = image.png; path = spark.png; sourceTree = "<group>"; };
		51A9F73A198E6747003CE440 /* FirefliesParticle.sks */ = {isa = PBXFileReference; lastKnownFileType = file.sks; path = FirefliesParticle.sks; sourceTree = "<group>"; };
		51A9F73C198E6757003CE440 /* SparkParticle.sks */ = {isa = PBXFileReference; lastKnownFileType = file.sks; path = SparkParticle.sks; sourceTree = "<group>"; };
		51A9F73E198E67CA003CE440 /* Level-3.sks */ = {isa = PBXFileReference; lastKnownFileType = file.sks; path = "Level-3.sks"; sourceTree = "<group>"; };
		51A9F740198E6865003CE440 /* Level-4.sks */ = {isa = PBXFileReference; lastKnownFileType = file.sks; path = "Level-4.sks"; sourceTree = "<group>"; };
		51A9F743198F31C0003CE440 /* Kamcord.framework */ = {isa = PBXFileReference; lastKnownFileType = wrapper.framework; path = Kamcord.framework; sourceTree = "<group>"; };
		51A9F745198F31C0003CE440 /* Kamcord.bundle */ = {isa = PBXFileReference; lastKnownFileType = "wrapper.plug-in"; path = Kamcord.bundle; sourceTree = "<group>"; };
		51A9F746198F31C0003CE440 /* KamcordiPad.storyboardc */ = {isa = PBXFileReference; fileEncoding = 4; lastKnownFileType = wrapper.storyboardc; path = KamcordiPad.storyboardc; sourceTree = "<group>"; };
		51A9F747198F31C0003CE440 /* KamcordiPhone.storyboardc */ = {isa = PBXFileReference; fileEncoding = 4; lastKnownFileType = wrapper.storyboardc; path = KamcordiPhone.storyboardc; sourceTree = "<group>"; };
		51A9F748198F31C0003CE440 /* KC_GTMOAuth2ViewTouch.nib */ = {isa = PBXFileReference; lastKnownFileType = file.bplist; path = KC_GTMOAuth2ViewTouch.nib; sourceTree = "<group>"; };
		51A9F74E198F3240003CE440 /* AudioToolbox.framework */ = {isa = PBXFileReference; lastKnownFileType = wrapper.framework; name = AudioToolbox.framework; path = System/Library/Frameworks/AudioToolbox.framework; sourceTree = SDKROOT; };
		51A9F750198F3245003CE440 /* AVFoundation.framework */ = {isa = PBXFileReference; lastKnownFileType = wrapper.framework; name = AVFoundation.framework; path = System/Library/Frameworks/AVFoundation.framework; sourceTree = SDKROOT; };
		51A9F752198F3251003CE440 /* CoreMedia.framework */ = {isa = PBXFileReference; lastKnownFileType = wrapper.framework; name = CoreMedia.framework; path = System/Library/Frameworks/CoreMedia.framework; sourceTree = SDKROOT; };
		51A9F753198F3251003CE440 /* CoreText.framework */ = {isa = PBXFileReference; lastKnownFileType = wrapper.framework; name = CoreText.framework; path = System/Library/Frameworks/CoreText.framework; sourceTree = SDKROOT; };
		51A9F756198F325B003CE440 /* CoreVideo.framework */ = {isa = PBXFileReference; lastKnownFileType = wrapper.framework; name = CoreVideo.framework; path = System/Library/Frameworks/CoreVideo.framework; sourceTree = SDKROOT; };
		51A9F758198F3261003CE440 /* MediaPlayer.framework */ = {isa = PBXFileReference; lastKnownFileType = wrapper.framework; name = MediaPlayer.framework; path = System/Library/Frameworks/MediaPlayer.framework; sourceTree = SDKROOT; };
		51A9F75A198F326A003CE440 /* MessageUI.framework */ = {isa = PBXFileReference; lastKnownFileType = wrapper.framework; name = MessageUI.framework; path = System/Library/Frameworks/MessageUI.framework; sourceTree = SDKROOT; };
		51A9F75C198F3270003CE440 /* OpenGLES.framework */ = {isa = PBXFileReference; lastKnownFileType = wrapper.framework; name = OpenGLES.framework; path = System/Library/Frameworks/OpenGLES.framework; sourceTree = SDKROOT; };
		51A9F75E198F3279003CE440 /* QuartzCore.framework */ = {isa = PBXFileReference; lastKnownFileType = wrapper.framework; name = QuartzCore.framework; path = System/Library/Frameworks/QuartzCore.framework; sourceTree = SDKROOT; };
		51A9F760198F327F003CE440 /* Security.framework */ = {isa = PBXFileReference; lastKnownFileType = wrapper.framework; name = Security.framework; path = System/Library/Frameworks/Security.framework; sourceTree = SDKROOT; };
		51A9F762198F328A003CE440 /* SystemConfiguration.framework */ = {isa = PBXFileReference; lastKnownFileType = wrapper.framework; name = SystemConfiguration.framework; path = System/Library/Frameworks/SystemConfiguration.framework; sourceTree = SDKROOT; };
		51A9F764198F329C003CE440 /* CoreImage.framework */ = {isa = PBXFileReference; lastKnownFileType = wrapper.framework; name = CoreImage.framework; path = System/Library/Frameworks/CoreImage.framework; sourceTree = SDKROOT; };
		51A9F766198F32A6003CE440 /* Twitter.framework */ = {isa = PBXFileReference; lastKnownFileType = wrapper.framework; name = Twitter.framework; path = System/Library/Frameworks/Twitter.framework; sourceTree = SDKROOT; };
		51A9F768198F32AD003CE440 /* Social.framework */ = {isa = PBXFileReference; lastKnownFileType = wrapper.framework; name = Social.framework; path = System/Library/Frameworks/Social.framework; sourceTree = SDKROOT; };
		51A9F76A198F32B3003CE440 /* Accounts.framework */ = {isa = PBXFileReference; lastKnownFileType = wrapper.framework; name = Accounts.framework; path = System/Library/Frameworks/Accounts.framework; sourceTree = SDKROOT; };
		51A9F7A7198F381B003CE440 /* AdSupport.framework */ = {isa = PBXFileReference; lastKnownFileType = wrapper.framework; name = AdSupport.framework; path = System/Library/Frameworks/AdSupport.framework; sourceTree = SDKROOT; };
		51ADC9C9198E37CA00217F68 /* MenuScene.h */ = {isa = PBXFileReference; fileEncoding = 4; lastKnownFileType = sourcecode.c.h; path = MenuScene.h; sourceTree = "<group>"; };
		51ADC9CA198E37CA00217F68 /* MenuScene.m */ = {isa = PBXFileReference; fileEncoding = 4; lastKnownFileType = sourcecode.c.objc; path = MenuScene.m; sourceTree = "<group>"; };
		51ADC9CC198E3EE600217F68 /* Level-2.sks */ = {isa = PBXFileReference; lastKnownFileType = file.sks; path = "Level-2.sks"; sourceTree = "<group>"; };
		51AFF002198F69600098D89C /* FireParticle.sks */ = {isa = PBXFileReference; lastKnownFileType = file.sks; path = FireParticle.sks; sourceTree = "<group>"; };
		51AFF004198F71C10098D89C /* wall.png */ = {isa = PBXFileReference; lastKnownFileType = image.png; path = wall.png; sourceTree = "<group>"; };
		51AFF006198F72470098D89C /* wall@2x.png */ = {isa = PBXFileReference; lastKnownFileType = image.png; path = "wall@2x.png"; sourceTree = "<group>"; };
		51AFF009198F76520098D89C /* spiral.fsh */ = {isa = PBXFileReference; fileEncoding = 4; lastKnownFileType = sourcecode.glsl; path = spiral.fsh; sourceTree = "<group>"; };
/* End PBXFileReference section */

/* Begin PBXFrameworksBuildPhase section */
		51A43132198B7084007E67C3 /* Frameworks */ = {
			isa = PBXFrameworksBuildPhase;
			buildActionMask = 2147483647;
			files = (
				51A9F7A9198F3931003CE440 /* AdSupport.framework in Frameworks */,
				51A9F76B198F32B3003CE440 /* Accounts.framework in Frameworks */,
				51A9F769198F32AD003CE440 /* Social.framework in Frameworks */,
				51A9F767198F32A6003CE440 /* Twitter.framework in Frameworks */,
				51A9F765198F329C003CE440 /* CoreImage.framework in Frameworks */,
				51A9F763198F328A003CE440 /* SystemConfiguration.framework in Frameworks */,
				51A9F761198F327F003CE440 /* Security.framework in Frameworks */,
				51A9F75F198F3279003CE440 /* QuartzCore.framework in Frameworks */,
				51A9F75D198F3270003CE440 /* OpenGLES.framework in Frameworks */,
				51A9F75B198F326A003CE440 /* MessageUI.framework in Frameworks */,
				51A9F759198F3261003CE440 /* MediaPlayer.framework in Frameworks */,
				51A9F757198F325B003CE440 /* CoreVideo.framework in Frameworks */,
				51A9F754198F3251003CE440 /* CoreMedia.framework in Frameworks */,
				51A9F755198F3251003CE440 /* CoreText.framework in Frameworks */,
				51A4313B198B7084007E67C3 /* CoreGraphics.framework in Frameworks */,
				51A9F751198F3245003CE440 /* AVFoundation.framework in Frameworks */,
				51A9F74F198F3240003CE440 /* AudioToolbox.framework in Frameworks */,
				51A4313D198B7084007E67C3 /* UIKit.framework in Frameworks */,
				51A4313F198B7084007E67C3 /* SpriteKit.framework in Frameworks */,
				51A43139198B7084007E67C3 /* Foundation.framework in Frameworks */,
				51A9F749198F31C0003CE440 /* Kamcord.framework in Frameworks */,
			);
			runOnlyForDeploymentPostprocessing = 0;
		};
		51A4315D198B7084007E67C3 /* Frameworks */ = {
			isa = PBXFrameworksBuildPhase;
			buildActionMask = 2147483647;
			files = (
				51A43162198B7084007E67C3 /* XCTest.framework in Frameworks */,
				51A43164198B7084007E67C3 /* UIKit.framework in Frameworks */,
				51A43163198B7084007E67C3 /* Foundation.framework in Frameworks */,
			);
			runOnlyForDeploymentPostprocessing = 0;
		};
/* End PBXFrameworksBuildPhase section */

/* Begin PBXGroup section */
		51216F00198CD22100490A0C /* Nodes */ = {
			isa = PBXGroup;
			children = (
				51A43177198B7389007E67C3 /* SuctionNode.h */,
				51A43178198B7389007E67C3 /* SuctionNode.m */,
				51216F01198CD25800490A0C /* GoalNode.h */,
				51216F02198CD25800490A0C /* GoalNode.m */,
				51216F04198CD26100490A0C /* PainNode.h */,
				51216F05198CD26100490A0C /* PainNode.m */,
				51216F07198E1D6E00490A0C /* WallNode.h */,
				51216F08198E1D6E00490A0C /* WallNode.m */,
			);
			name = Nodes;
			sourceTree = "<group>";
		};
		51216F0C198E238F00490A0C /* Levels */ = {
			isa = PBXGroup;
			children = (
				51A9F740198E6865003CE440 /* Level-4.sks */,
				51A9F73E198E67CA003CE440 /* Level-3.sks */,
				51ADC9CC198E3EE600217F68 /* Level-2.sks */,
				51216F0A198E231500490A0C /* Level-1.sks */,
			);
			name = Levels;
			sourceTree = "<group>";
		};
		51216F0D198E2DFC00490A0C /* Scenes */ = {
			isa = PBXGroup;
			children = (
				51A43155198B7084007E67C3 /* LevelScene.h */,
				51A43156198B7084007E67C3 /* LevelScene.m */,
				51ADC9C9198E37CA00217F68 /* MenuScene.h */,
				51ADC9CA198E37CA00217F68 /* MenuScene.m */,
			);
			name = Scenes;
			sourceTree = "<group>";
		};
		51A4312C198B7084007E67C3 = {
			isa = PBXGroup;
			children = (
				51A43140198B7084007E67C3 /* Suction */,
				51A43167198B7084007E67C3 /* SuctionTests */,
				51A43137198B7084007E67C3 /* Frameworks */,
				51A43136198B7084007E67C3 /* Products */,
			);
			sourceTree = "<group>";
		};
		51A43136198B7084007E67C3 /* Products */ = {
			isa = PBXGroup;
			children = (
				51A43135198B7084007E67C3 /* Suction.app */,
				51A43160198B7084007E67C3 /* SuctionTests.xctest */,
			);
			name = Products;
			sourceTree = "<group>";
		};
		51A43137198B7084007E67C3 /* Frameworks */ = {
			isa = PBXGroup;
			children = (
				51A9F7A7198F381B003CE440 /* AdSupport.framework */,
				51A9F76A198F32B3003CE440 /* Accounts.framework */,
				51A9F768198F32AD003CE440 /* Social.framework */,
				51A9F766198F32A6003CE440 /* Twitter.framework */,
				51A9F764198F329C003CE440 /* CoreImage.framework */,
				51A9F762198F328A003CE440 /* SystemConfiguration.framework */,
				51A9F760198F327F003CE440 /* Security.framework */,
				51A9F75E198F3279003CE440 /* QuartzCore.framework */,
				51A9F75C198F3270003CE440 /* OpenGLES.framework */,
				51A9F75A198F326A003CE440 /* MessageUI.framework */,
				51A9F758198F3261003CE440 /* MediaPlayer.framework */,
				51A9F756198F325B003CE440 /* CoreVideo.framework */,
				51A9F752198F3251003CE440 /* CoreMedia.framework */,
				51A9F753198F3251003CE440 /* CoreText.framework */,
				51A9F750198F3245003CE440 /* AVFoundation.framework */,
				51A9F74E198F3240003CE440 /* AudioToolbox.framework */,
				51A9F742198F31C0003CE440 /* Kamcord.embeddedframework */,
				51A43138198B7084007E67C3 /* Foundation.framework */,
				51A4313A198B7084007E67C3 /* CoreGraphics.framework */,
				51A4313C198B7084007E67C3 /* UIKit.framework */,
				51A4313E198B7084007E67C3 /* SpriteKit.framework */,
				51A43161198B7084007E67C3 /* XCTest.framework */,
			);
			name = Frameworks;
			sourceTree = "<group>";
		};
		51A43140198B7084007E67C3 /* Suction */ = {
			isa = PBXGroup;
			children = (
				51A43149198B7084007E67C3 /* AppDelegate.h */,
				51A4314A198B7084007E67C3 /* AppDelegate.m */,
				51A43152198B7084007E67C3 /* ViewController.h */,
				51A43153198B7084007E67C3 /* ViewController.m */,
				51A9F732198E6308003CE440 /* Categories */,
				51216F0D198E2DFC00490A0C /* Scenes */,
				51216F00198CD22100490A0C /* Nodes */,
				51A43141198B7084007E67C3 /* Supporting Files */,
			);
			path = Suction;
			sourceTree = "<group>";
		};
		51A43141198B7084007E67C3 /* Supporting Files */ = {
			isa = PBXGroup;
			children = (
				51AFF008198F762A0098D89C /* Shaders */,
				51AFF006198F72470098D89C /* wall@2x.png */,
				51AFF004198F71C10098D89C /* wall.png */,
				51590F4D198F4FA400D17825 /* Main_iPad.storyboard */,
				51590F4E198F4FA400D17825 /* Main_iPhone.storyboard */,
				51A9F72D198E627A003CE440 /* Particle Effects */,
				51216F0C198E238F00490A0C /* Levels */,
				51A4315A198B7084007E67C3 /* Images.xcassets */,
				51A43142198B7084007E67C3 /* Suction-Info.plist */,
				51A43143198B7084007E67C3 /* InfoPlist.strings */,
				51A43146198B7084007E67C3 /* main.m */,
				51A43148198B7084007E67C3 /* Suction-Prefix.pch */,
			);
			name = "Supporting Files";
			sourceTree = "<group>";
		};
		51A43167198B7084007E67C3 /* SuctionTests */ = {
			isa = PBXGroup;
			children = (
				51A4316D198B7085007E67C3 /* SuctionTests.m */,
				51A43168198B7084007E67C3 /* Supporting Files */,
			);
			path = SuctionTests;
			sourceTree = "<group>";
		};
		51A43168198B7084007E67C3 /* Supporting Files */ = {
			isa = PBXGroup;
			children = (
				51A43169198B7084007E67C3 /* SuctionTests-Info.plist */,
				51A4316A198B7085007E67C3 /* InfoPlist.strings */,
			);
			name = "Supporting Files";
			sourceTree = "<group>";
		};
		51A9F72D198E627A003CE440 /* Particle Effects */ = {
			isa = PBXGroup;
			children = (
				51A9F72E198E62B6003CE440 /* GoalParticle.sks */,
				51A9F72F198E62B6003CE440 /* bokeh.png */,
				51A9F736198E66DA003CE440 /* MagicParticle.sks */,
				51A9F737198E66DA003CE440 /* spark.png */,
				51A9F73A198E6747003CE440 /* FirefliesParticle.sks */,
				51A9F73C198E6757003CE440 /* SparkParticle.sks */,
				51AFF002198F69600098D89C /* FireParticle.sks */,
			);
			name = "Particle Effects";
			sourceTree = "<group>";
		};
		51A9F732198E6308003CE440 /* Categories */ = {
			isa = PBXGroup;
			children = (
				51A9F733198E6339003CE440 /* SKNode+ArchiveHelpers.h */,
				51A9F734198E6339003CE440 /* SKNode+ArchiveHelpers.m */,
			);
			name = Categories;
			sourceTree = "<group>";
		};
		51A9F742198F31C0003CE440 /* Kamcord.embeddedframework */ = {
			isa = PBXGroup;
			children = (
				51A9F743198F31C0003CE440 /* Kamcord.framework */,
				51A9F744198F31C0003CE440 /* Resources */,
			);
			path = Kamcord.embeddedframework;
			sourceTree = "<group>";
		};
		51A9F744198F31C0003CE440 /* Resources */ = {
			isa = PBXGroup;
			children = (
				51A9F745198F31C0003CE440 /* Kamcord.bundle */,
				51A9F746198F31C0003CE440 /* KamcordiPad.storyboardc */,
				51A9F747198F31C0003CE440 /* KamcordiPhone.storyboardc */,
				51A9F748198F31C0003CE440 /* KC_GTMOAuth2ViewTouch.nib */,
			);
			path = Resources;
			sourceTree = "<group>";
		};
		51AFF008198F762A0098D89C /* Shaders */ = {
			isa = PBXGroup;
			children = (
				51AFF009198F76520098D89C /* spiral.fsh */,
			);
			name = Shaders;
			sourceTree = "<group>";
		};
/* End PBXGroup section */

/* Begin PBXNativeTarget section */
		51A43134198B7084007E67C3 /* Suction */ = {
			isa = PBXNativeTarget;
			buildConfigurationList = 51A43171198B7085007E67C3 /* Build configuration list for PBXNativeTarget "Suction" */;
			buildPhases = (
				51A43131198B7084007E67C3 /* Sources */,
				51A43132198B7084007E67C3 /* Frameworks */,
				51A43133198B7084007E67C3 /* Resources */,
			);
			buildRules = (
			);
			dependencies = (
			);
			name = Suction;
			productName = Suction;
			productReference = 51A43135198B7084007E67C3 /* Suction.app */;
			productType = "com.apple.product-type.application";
		};
		51A4315F198B7084007E67C3 /* SuctionTests */ = {
			isa = PBXNativeTarget;
			buildConfigurationList = 51A43174198B7085007E67C3 /* Build configuration list for PBXNativeTarget "SuctionTests" */;
			buildPhases = (
				51A4315C198B7084007E67C3 /* Sources */,
				51A4315D198B7084007E67C3 /* Frameworks */,
				51A4315E198B7084007E67C3 /* Resources */,
			);
			buildRules = (
			);
			dependencies = (
				51A43166198B7084007E67C3 /* PBXTargetDependency */,
			);
			name = SuctionTests;
			productName = SuctionTests;
			productReference = 51A43160198B7084007E67C3 /* SuctionTests.xctest */;
			productType = "com.apple.product-type.bundle.unit-test";
		};
/* End PBXNativeTarget section */

/* Begin PBXProject section */
		51A4312D198B7084007E67C3 /* Project object */ = {
			isa = PBXProject;
			attributes = {
				LastUpgradeCheck = 0510;
				ORGANIZATIONNAME = "Sam Green";
				TargetAttributes = {
					51A4315F198B7084007E67C3 = {
						TestTargetID = 51A43134198B7084007E67C3;
					};
				};
			};
			buildConfigurationList = 51A43130198B7084007E67C3 /* Build configuration list for PBXProject "Suction" */;
			compatibilityVersion = "Xcode 3.2";
			developmentRegion = English;
			hasScannedForEncodings = 0;
			knownRegions = (
				en,
				Base,
			);
			mainGroup = 51A4312C198B7084007E67C3;
			productRefGroup = 51A43136198B7084007E67C3 /* Products */;
			projectDirPath = "";
			projectRoot = "";
			targets = (
				51A43134198B7084007E67C3 /* Suction */,
				51A4315F198B7084007E67C3 /* SuctionTests */,
			);
		};
/* End PBXProject section */

/* Begin PBXResourcesBuildPhase section */
		51A43133198B7084007E67C3 /* Resources */ = {
			isa = PBXResourcesBuildPhase;
			buildActionMask = 2147483647;
			files = (
				51AFF007198F72470098D89C /* wall@2x.png in Resources */,
				51A9F74B198F31C0003CE440 /* KamcordiPad.storyboardc in Resources */,
				51A9F730198E62B6003CE440 /* GoalParticle.sks in Resources */,
				51A9F73D198E6757003CE440 /* SparkParticle.sks in Resources */,
				51A4315B198B7084007E67C3 /* Images.xcassets in Resources */,
				51590F4F198F4FA400D17825 /* Main_iPad.storyboard in Resources */,
				51216F0B198E231500490A0C /* Level-1.sks in Resources */,
				51ADC9CD198E3EE600217F68 /* Level-2.sks in Resources */,
				51A9F74C198F31C0003CE440 /* KamcordiPhone.storyboardc in Resources */,
				51A9F74D198F31C0003CE440 /* KC_GTMOAuth2ViewTouch.nib in Resources */,
				51A9F739198E66DA003CE440 /* spark.png in Resources */,
				51A9F731198E62B6003CE440 /* bokeh.png in Resources */,
				51A9F74A198F31C0003CE440 /* Kamcord.bundle in Resources */,
				51A9F73B198E6747003CE440 /* FirefliesParticle.sks in Resources */,
				51AFF003198F69600098D89C /* FireParticle.sks in Resources */,
				51AFF005198F71C10098D89C /* wall.png in Resources */,
				51A9F738198E66DA003CE440 /* MagicParticle.sks in Resources */,
				51590F50198F4FA400D17825 /* Main_iPhone.storyboard in Resources */,
				51A9F73F198E67CA003CE440 /* Level-3.sks in Resources */,
				51A43145198B7084007E67C3 /* InfoPlist.strings in Resources */,
				51AFF00A198F76520098D89C /* spiral.fsh in Resources */,
				51A9F741198E6865003CE440 /* Level-4.sks in Resources */,
			);
			runOnlyForDeploymentPostprocessing = 0;
		};
		51A4315E198B7084007E67C3 /* Resources */ = {
			isa = PBXResourcesBuildPhase;
			buildActionMask = 2147483647;
			files = (
				51A4316C198B7085007E67C3 /* InfoPlist.strings in Resources */,
			);
			runOnlyForDeploymentPostprocessing = 0;
		};
/* End PBXResourcesBuildPhase section */

/* Begin PBXSourcesBuildPhase section */
		51A43131198B7084007E67C3 /* Sources */ = {
			isa = PBXSourcesBuildPhase;
			buildActionMask = 2147483647;
			files = (
				51216F03198CD25800490A0C /* GoalNode.m in Sources */,
				51A43157198B7084007E67C3 /* LevelScene.m in Sources */,
				51A9F735198E6339003CE440 /* SKNode+ArchiveHelpers.m in Sources */,
				51A43179198B7389007E67C3 /* SuctionNode.m in Sources */,
				51216F09198E1D6E00490A0C /* WallNode.m in Sources */,
				51216F06198CD26100490A0C /* PainNode.m in Sources */,
				51A43154198B7084007E67C3 /* ViewController.m in Sources */,
				51ADC9CB198E37CA00217F68 /* MenuScene.m in Sources */,
				51A4314B198B7084007E67C3 /* AppDelegate.m in Sources */,
				51A43147198B7084007E67C3 /* main.m in Sources */,
			);
			runOnlyForDeploymentPostprocessing = 0;
		};
		51A4315C198B7084007E67C3 /* Sources */ = {
			isa = PBXSourcesBuildPhase;
			buildActionMask = 2147483647;
			files = (
				51A4316E198B7085007E67C3 /* SuctionTests.m in Sources */,
			);
			runOnlyForDeploymentPostprocessing = 0;
		};
/* End PBXSourcesBuildPhase section */

/* Begin PBXTargetDependency section */
		51A43166198B7084007E67C3 /* PBXTargetDependency */ = {
			isa = PBXTargetDependency;
			target = 51A43134198B7084007E67C3 /* Suction */;
			targetProxy = 51A43165198B7084007E67C3 /* PBXContainerItemProxy */;
		};
/* End PBXTargetDependency section */

/* Begin PBXVariantGroup section */
		51A43143198B7084007E67C3 /* InfoPlist.strings */ = {
			isa = PBXVariantGroup;
			children = (
				51A43144198B7084007E67C3 /* en */,
			);
			name = InfoPlist.strings;
			sourceTree = "<group>";
		};
		51A4316A198B7085007E67C3 /* InfoPlist.strings */ = {
			isa = PBXVariantGroup;
			children = (
				51A4316B198B7085007E67C3 /* en */,
			);
			name = InfoPlist.strings;
			sourceTree = "<group>";
		};
/* End PBXVariantGroup section */

/* Begin XCBuildConfiguration section */
		51A4316F198B7085007E67C3 /* Debug */ = {
			isa = XCBuildConfiguration;
			buildSettings = {
				ALWAYS_SEARCH_USER_PATHS = NO;
				CLANG_CXX_LANGUAGE_STANDARD = "gnu++0x";
				CLANG_CXX_LIBRARY = "libc++";
				CLANG_ENABLE_MODULES = YES;
				CLANG_ENABLE_OBJC_ARC = YES;
				CLANG_WARN_BOOL_CONVERSION = YES;
				CLANG_WARN_CONSTANT_CONVERSION = YES;
				CLANG_WARN_DIRECT_OBJC_ISA_USAGE = YES_ERROR;
				CLANG_WARN_EMPTY_BODY = YES;
				CLANG_WARN_ENUM_CONVERSION = YES;
				CLANG_WARN_INT_CONVERSION = YES;
				CLANG_WARN_OBJC_ROOT_CLASS = YES_ERROR;
				CLANG_WARN__DUPLICATE_METHOD_MATCH = YES;
				"CODE_SIGN_IDENTITY[sdk=iphoneos*]" = "iPhone Developer";
				COPY_PHASE_STRIP = NO;
				GCC_C_LANGUAGE_STANDARD = gnu99;
				GCC_DYNAMIC_NO_PIC = NO;
				GCC_OPTIMIZATION_LEVEL = 0;
				GCC_PREPROCESSOR_DEFINITIONS = (
					"DEBUG=1",
					"$(inherited)",
				);
				GCC_SYMBOLS_PRIVATE_EXTERN = NO;
				GCC_WARN_64_TO_32_BIT_CONVERSION = YES;
				GCC_WARN_ABOUT_RETURN_TYPE = YES_ERROR;
				GCC_WARN_UNDECLARED_SELECTOR = YES;
				GCC_WARN_UNINITIALIZED_AUTOS = YES_AGGRESSIVE;
				GCC_WARN_UNUSED_FUNCTION = YES;
				GCC_WARN_UNUSED_VARIABLE = YES;
				IPHONEOS_DEPLOYMENT_TARGET = 7.1;
				ONLY_ACTIVE_ARCH = YES;
				SDKROOT = iphoneos;
				TARGETED_DEVICE_FAMILY = "1,2";
			};
			name = Debug;
		};
		51A43170198B7085007E67C3 /* Release */ = {
			isa = XCBuildConfiguration;
			buildSettings = {
				ALWAYS_SEARCH_USER_PATHS = NO;
				CLANG_CXX_LANGUAGE_STANDARD = "gnu++0x";
				CLANG_CXX_LIBRARY = "libc++";
				CLANG_ENABLE_MODULES = YES;
				CLANG_ENABLE_OBJC_ARC = YES;
				CLANG_WARN_BOOL_CONVERSION = YES;
				CLANG_WARN_CONSTANT_CONVERSION = YES;
				CLANG_WARN_DIRECT_OBJC_ISA_USAGE = YES_ERROR;
				CLANG_WARN_EMPTY_BODY = YES;
				CLANG_WARN_ENUM_CONVERSION = YES;
				CLANG_WARN_INT_CONVERSION = YES;
				CLANG_WARN_OBJC_ROOT_CLASS = YES_ERROR;
				CLANG_WARN__DUPLICATE_METHOD_MATCH = YES;
				"CODE_SIGN_IDENTITY[sdk=iphoneos*]" = "iPhone Developer";
				COPY_PHASE_STRIP = YES;
				ENABLE_NS_ASSERTIONS = NO;
				GCC_C_LANGUAGE_STANDARD = gnu99;
				GCC_WARN_64_TO_32_BIT_CONVERSION = YES;
				GCC_WARN_ABOUT_RETURN_TYPE = YES_ERROR;
				GCC_WARN_UNDECLARED_SELECTOR = YES;
				GCC_WARN_UNINITIALIZED_AUTOS = YES_AGGRESSIVE;
				GCC_WARN_UNUSED_FUNCTION = YES;
				GCC_WARN_UNUSED_VARIABLE = YES;
				IPHONEOS_DEPLOYMENT_TARGET = 7.1;
				SDKROOT = iphoneos;
				TARGETED_DEVICE_FAMILY = "1,2";
				VALIDATE_PRODUCT = YES;
			};
			name = Release;
		};
		51A43172198B7085007E67C3 /* Debug */ = {
			isa = XCBuildConfiguration;
			buildSettings = {
				ASSETCATALOG_COMPILER_APPICON_NAME = AppIcon;
				ASSETCATALOG_COMPILER_LAUNCHIMAGE_NAME = LaunchImage;
				FRAMEWORK_SEARCH_PATHS = (
					"$(inherited)",
					"$(PROJECT_DIR)/Kamcord.embeddedframework",
				);
				GCC_PRECOMPILE_PREFIX_HEADER = YES;
				GCC_PREFIX_HEADER = "Suction/Suction-Prefix.pch";
				INFOPLIST_FILE = "Suction/Suction-Info.plist";
				IPHONEOS_DEPLOYMENT_TARGET = 7.1;
				PRODUCT_NAME = "$(TARGET_NAME)";
				SPRITEKIT_TEXTURE_ATLAS_OUTPUT = YES;
				WRAPPER_EXTENSION = app;
			};
			name = Debug;
		};
		51A43173198B7085007E67C3 /* Release */ = {
			isa = XCBuildConfiguration;
			buildSettings = {
				ASSETCATALOG_COMPILER_APPICON_NAME = AppIcon;
				ASSETCATALOG_COMPILER_LAUNCHIMAGE_NAME = LaunchImage;
				FRAMEWORK_SEARCH_PATHS = (
					"$(inherited)",
					"$(PROJECT_DIR)/Kamcord.embeddedframework",
				);
				GCC_PRECOMPILE_PREFIX_HEADER = YES;
				GCC_PREFIX_HEADER = "Suction/Suction-Prefix.pch";
				INFOPLIST_FILE = "Suction/Suction-Info.plist";
				IPHONEOS_DEPLOYMENT_TARGET = 7.1;
				PRODUCT_NAME = "$(TARGET_NAME)";
				SPRITEKIT_TEXTURE_ATLAS_OUTPUT = YES;
				WRAPPER_EXTENSION = app;
			};
			name = Release;
		};
		51A43175198B7085007E67C3 /* Debug */ = {
			isa = XCBuildConfiguration;
			buildSettings = {
				BUNDLE_LOADER = "$(BUILT_PRODUCTS_DIR)/Suction.app/Suction";
				FRAMEWORK_SEARCH_PATHS = (
					"$(SDKROOT)/Developer/Library/Frameworks",
					"$(inherited)",
					"$(DEVELOPER_FRAMEWORKS_DIR)",
				);
				GCC_PRECOMPILE_PREFIX_HEADER = YES;
				GCC_PREFIX_HEADER = "Suction/Suction-Prefix.pch";
				GCC_PREPROCESSOR_DEFINITIONS = (
					"DEBUG=1",
					"$(inherited)",
				);
				INFOPLIST_FILE = "SuctionTests/SuctionTests-Info.plist";
				PRODUCT_NAME = "$(TARGET_NAME)";
				TEST_HOST = "$(BUNDLE_LOADER)";
				WRAPPER_EXTENSION = xctest;
			};
			name = Debug;
		};
		51A43176198B7085007E67C3 /* Release */ = {
			isa = XCBuildConfiguration;
			buildSettings = {
				BUNDLE_LOADER = "$(BUILT_PRODUCTS_DIR)/Suction.app/Suction";
				FRAMEWORK_SEARCH_PATHS = (
					"$(SDKROOT)/Developer/Library/Frameworks",
					"$(inherited)",
					"$(DEVELOPER_FRAMEWORKS_DIR)",
				);
				GCC_PRECOMPILE_PREFIX_HEADER = YES;
				GCC_PREFIX_HEADER = "Suction/Suction-Prefix.pch";
				INFOPLIST_FILE = "SuctionTests/SuctionTests-Info.plist";
				PRODUCT_NAME = "$(TARGET_NAME)";
				TEST_HOST = "$(BUNDLE_LOADER)";
				WRAPPER_EXTENSION = xctest;
			};
			name = Release;
		};
/* End XCBuildConfiguration section */

/* Begin XCConfigurationList section */
		51A43130198B7084007E67C3 /* Build configuration list for PBXProject "Suction" */ = {
			isa = XCConfigurationList;
			buildConfigurations = (
				51A4316F198B7085007E67C3 /* Debug */,
				51A43170198B7085007E67C3 /* Release */,
			);
			defaultConfigurationIsVisible = 0;
			defaultConfigurationName = Release;
		};
		51A43171198B7085007E67C3 /* Build configuration list for PBXNativeTarget "Suction" */ = {
			isa = XCConfigurationList;
			buildConfigurations = (
				51A43172198B7085007E67C3 /* Debug */,
				51A43173198B7085007E67C3 /* Release */,
			);
			defaultConfigurationIsVisible = 0;
			defaultConfigurationName = Release;
		};
		51A43174198B7085007E67C3 /* Build configuration list for PBXNativeTarget "SuctionTests" */ = {
			isa = XCConfigurationList;
			buildConfigurations = (
				51A43175198B7085007E67C3 /* Debug */,
				51A43176198B7085007E67C3 /* Release */,
			);
			defaultConfigurationIsVisible = 0;
			defaultConfigurationName = Release;
		};
/* End XCConfigurationList section */
	};
	rootObject = 51A4312D198B7084007E67C3 /* Project object */;
}
